
Microsoft Visual Studio Solution File, Format Version 12.00
# Visual Studio Version 16
VisualStudioVersion = 16.0.808.4
MinimumVisualStudioVersion = 10.0.40219.1
Project("{FAE04EC0-301F-11D3-BF4B-00C04F79EFBC}") = "MySuperBank", "MySuperBank\MySuperBank.csproj", "{EEF17186-8E7E-4AC5-AC87-2F505EE35CB7}"
EndProject
Global
	GlobalSection(SolutionConfigurationPlatforms) = preSolution
		Debug|Any CPU = Debug|Any CPU
		Release|Any CPU = Release|Any CPU
	EndGlobalSection
	GlobalSection(ProjectConfigurationPlatforms) = postSolution
		{EEF17186-8E7E-4AC5-AC87-2F505EE35CB7}.Debug|Any CPU.ActiveCfg = Debug|Any CPU
		{EEF17186-8E7E-4AC5-AC87-2F505EE35CB7}.Debug|Any CPU.Build.0 = Debug|Any CPU
		{EEF17186-8E7E-4AC5-AC87-2F505EE35CB7}.Release|Any CPU.ActiveCfg = Release|Any CPU
		{EEF17186-8E7E-4AC5-AC87-2F505EE35CB7}.Release|Any CPU.Build.0 = Release|Any CPU
	EndGlobalSection
	GlobalSection(SolutionProperties) = preSolution
		HideSolutionNode = FALSE
	EndGlobalSection
	GlobalSection(ExtensibilityGlobals) = postSolution
		SolutionGuid = {44198E72-15C1-4300-82F4-0C82CFB604E2}
	EndGlobalSection
EndGlobal
